// !$*UTF8*$!
{
	archiveVersion = 1;
	classes = {
	};
	objectVersion = 55;
	objects = {

/* Begin PBXBuildFile section */
		4B23EB9A27E968D2003F6F60 /* AppDelegate.m in Sources */ = {isa = PBXBuildFile; fileRef = 4B23EB9927E968D2003F6F60 /* AppDelegate.m */; };
		4B23EB9D27E968D2003F6F60 /* SceneDelegate.m in Sources */ = {isa = PBXBuildFile; fileRef = 4B23EB9C27E968D2003F6F60 /* SceneDelegate.m */; };
		4B23EBA027E968D2003F6F60 /* ViewController.m in Sources */ = {isa = PBXBuildFile; fileRef = 4B23EB9F27E968D2003F6F60 /* ViewController.m */; };
		4B23EBA327E968D2003F6F60 /* Main.storyboard in Resources */ = {isa = PBXBuildFile; fileRef = 4B23EBA127E968D2003F6F60 /* Main.storyboard */; };
		4B23EBA527E968D4003F6F60 /* Assets.xcassets in Resources */ = {isa = PBXBuildFile; fileRef = 4B23EBA427E968D4003F6F60 /* Assets.xcassets */; };
		4B23EBA827E968D4003F6F60 /* LaunchScreen.storyboard in Resources */ = {isa = PBXBuildFile; fileRef = 4B23EBA627E968D4003F6F60 /* LaunchScreen.storyboard */; };
		4B23EBAB27E968D4003F6F60 /* main.m in Sources */ = {isa = PBXBuildFile; fileRef = 4B23EBAA27E968D4003F6F60 /* main.m */; };
		4B23EBB627E96A5C003F6F60 /* WebViewController.m in Sources */ = {isa = PBXBuildFile; fileRef = 4B23EBB527E96A5C003F6F60 /* WebViewController.m */; };
		4B23EBC627E96C04003F6F60 /* Demo.html in Resources */ = {isa = PBXBuildFile; fileRef = 4B23EBC527E96C04003F6F60 /* Demo.html */; };
		EF5647D4282F93A900C78FF3 /* WebViewJavascriptBridgeBase.m in Sources */ = {isa = PBXBuildFile; fileRef = EF5647CC282F93A900C78FF3 /* WebViewJavascriptBridgeBase.m */; };
		EF5647D5282F93A900C78FF3 /* bridge.js in Resources */ = {isa = PBXBuildFile; fileRef = EF5647CD282F93A900C78FF3 /* bridge.js */; };
		EF5647D6282F93A900C78FF3 /* WebViewJavascriptLeakAvoider.m in Sources */ = {isa = PBXBuildFile; fileRef = EF5647CE282F93A900C78FF3 /* WebViewJavascriptLeakAvoider.m */; };
		EF5647D7282F93A900C78FF3 /* WebViewJavascriptBridge.m in Sources */ = {isa = PBXBuildFile; fileRef = EF5647CF282F93A900C78FF3 /* WebViewJavascriptBridge.m */; };
		EF5647D8282F93A900C78FF3 /* hookConsole.js in Resources */ = {isa = PBXBuildFile; fileRef = EF5647D1282F93A900C78FF3 /* hookConsole.js */; };
/* End PBXBuildFile section */

/* Begin PBXFileReference section */
		4B23EB9527E968D2003F6F60 /* JavascriptBridgeOC.app */ = {isa = PBXFileReference; explicitFileType = wrapper.application; includeInIndex = 0; path = JavascriptBridgeOC.app; sourceTree = BUILT_PRODUCTS_DIR; };
		4B23EB9827E968D2003F6F60 /* AppDelegate.h */ = {isa = PBXFileReference; lastKnownFileType = sourcecode.c.h; path = AppDelegate.h; sourceTree = "<group>"; };
		4B23EB9927E968D2003F6F60 /* AppDelegate.m */ = {isa = PBXFileReference; lastKnownFileType = sourcecode.c.objc; path = AppDelegate.m; sourceTree = "<group>"; };
		4B23EB9B27E968D2003F6F60 /* SceneDelegate.h */ = {isa = PBXFileReference; lastKnownFileType = sourcecode.c.h; path = SceneDelegate.h; sourceTree = "<group>"; };
		4B23EB9C27E968D2003F6F60 /* SceneDelegate.m */ = {isa = PBXFileReference; lastKnownFileType = sourcecode.c.objc; path = SceneDelegate.m; sourceTree = "<group>"; };
		4B23EB9E27E968D2003F6F60 /* ViewController.h */ = {isa = PBXFileReference; lastKnownFileType = sourcecode.c.h; path = ViewController.h; sourceTree = "<group>"; };
		4B23EB9F27E968D2003F6F60 /* ViewController.m */ = {isa = PBXFileReference; lastKnownFileType = sourcecode.c.objc; path = ViewController.m; sourceTree = "<group>"; };
		4B23EBA227E968D2003F6F60 /* Base */ = {isa = PBXFileReference; lastKnownFileType = file.storyboard; name = Base; path = Base.lproj/Main.storyboard; sourceTree = "<group>"; };
		4B23EBA427E968D4003F6F60 /* Assets.xcassets */ = {isa = PBXFileReference; lastKnownFileType = folder.assetcatalog; path = Assets.xcassets; sourceTree = "<group>"; };
		4B23EBA727E968D4003F6F60 /* Base */ = {isa = PBXFileReference; lastKnownFileType = file.storyboard; name = Base; path = Base.lproj/LaunchScreen.storyboard; sourceTree = "<group>"; };
		4B23EBA927E968D4003F6F60 /* Info.plist */ = {isa = PBXFileReference; lastKnownFileType = text.plist.xml; path = Info.plist; sourceTree = "<group>"; };
		4B23EBAA27E968D4003F6F60 /* main.m */ = {isa = PBXFileReference; lastKnownFileType = sourcecode.c.objc; path = main.m; sourceTree = "<group>"; };
		4B23EBB427E96A5C003F6F60 /* WebViewController.h */ = {isa = PBXFileReference; lastKnownFileType = sourcecode.c.h; path = WebViewController.h; sourceTree = "<group>"; };
		4B23EBB527E96A5C003F6F60 /* WebViewController.m */ = {isa = PBXFileReference; lastKnownFileType = sourcecode.c.objc; path = WebViewController.m; sourceTree = "<group>"; };
		4B23EBC527E96C04003F6F60 /* Demo.html */ = {isa = PBXFileReference; fileEncoding = 4; lastKnownFileType = text.html; path = Demo.html; sourceTree = "<group>"; };
		EF5647CC282F93A900C78FF3 /* WebViewJavascriptBridgeBase.m */ = {isa = PBXFileReference; fileEncoding = 4; lastKnownFileType = sourcecode.c.objc; path = WebViewJavascriptBridgeBase.m; sourceTree = "<group>"; };
		EF5647CD282F93A900C78FF3 /* bridge.js */ = {isa = PBXFileReference; fileEncoding = 4; lastKnownFileType = sourcecode.javascript; path = bridge.js; sourceTree = "<group>"; };
		EF5647CE282F93A900C78FF3 /* WebViewJavascriptLeakAvoider.m */ = {isa = PBXFileReference; fileEncoding = 4; lastKnownFileType = sourcecode.c.objc; path = WebViewJavascriptLeakAvoider.m; sourceTree = "<group>"; };
		EF5647CF282F93A900C78FF3 /* WebViewJavascriptBridge.m */ = {isa = PBXFileReference; fileEncoding = 4; lastKnownFileType = sourcecode.c.objc; path = WebViewJavascriptBridge.m; sourceTree = "<group>"; };
		EF5647D0282F93A900C78FF3 /* WebViewJavascriptBridgeBase.h */ = {isa = PBXFileReference; fileEncoding = 4; lastKnownFileType = sourcecode.c.h; path = WebViewJavascriptBridgeBase.h; sourceTree = "<group>"; };
		EF5647D1282F93A900C78FF3 /* hookConsole.js */ = {isa = PBXFileReference; fileEncoding = 4; lastKnownFileType = sourcecode.javascript; path = hookConsole.js; sourceTree = "<group>"; };
		EF5647D2282F93A900C78FF3 /* WebViewJavascriptBridge.h */ = {isa = PBXFileReference; fileEncoding = 4; lastKnownFileType = sourcecode.c.h; path = WebViewJavascriptBridge.h; sourceTree = "<group>"; };
		EF5647D3282F93A900C78FF3 /* WebViewJavascriptLeakAvoider.h */ = {isa = PBXFileReference; fileEncoding = 4; lastKnownFileType = sourcecode.c.h; path = WebViewJavascriptLeakAvoider.h; sourceTree = "<group>"; };
/* End PBXFileReference section */

/* Begin PBXFrameworksBuildPhase section */
		4B23EB9227E968D2003F6F60 /* Frameworks */ = {
			isa = PBXFrameworksBuildPhase;
			buildActionMask = 2147483647;
			files = (
			);
			runOnlyForDeploymentPostprocessing = 0;
		};
/* End PBXFrameworksBuildPhase section */

/* Begin PBXGroup section */
		4B23EB8C27E968D2003F6F60 = {
			isa = PBXGroup;
			children = (
				4B23EB9727E968D2003F6F60 /* JavascriptBridgeOC */,
				4B23EB9627E968D2003F6F60 /* Products */,
			);
			sourceTree = "<group>";
		};
		4B23EB9627E968D2003F6F60 /* Products */ = {
			isa = PBXGroup;
			children = (
				4B23EB9527E968D2003F6F60 /* JavascriptBridgeOC.app */,
			);
			name = Products;
			sourceTree = "<group>";
		};
		4B23EB9727E968D2003F6F60 /* JavascriptBridgeOC */ = {
			isa = PBXGroup;
			children = (
				EF564759282E144D00C78FF3 /* Classes */,
				4B23EB9827E968D2003F6F60 /* AppDelegate.h */,
				4B23EB9927E968D2003F6F60 /* AppDelegate.m */,
				4B23EB9B27E968D2003F6F60 /* SceneDelegate.h */,
				4B23EB9C27E968D2003F6F60 /* SceneDelegate.m */,
				4B23EB9E27E968D2003F6F60 /* ViewController.h */,
				4B23EB9F27E968D2003F6F60 /* ViewController.m */,
				4B23EBB427E96A5C003F6F60 /* WebViewController.h */,
				4B23EBB527E96A5C003F6F60 /* WebViewController.m */,
				4B23EBC527E96C04003F6F60 /* Demo.html */,
				4B23EBA127E968D2003F6F60 /* Main.storyboard */,
				4B23EBA427E968D4003F6F60 /* Assets.xcassets */,
				4B23EBA627E968D4003F6F60 /* LaunchScreen.storyboard */,
				4B23EBA927E968D4003F6F60 /* Info.plist */,
				4B23EBAA27E968D4003F6F60 /* main.m */,
			);
			path = JavascriptBridgeOC;
			sourceTree = "<group>";
		};
		EF564759282E144D00C78FF3 /* Classes */ = {
			isa = PBXGroup;
			children = (
				EF5647CB282F93A900C78FF3 /* SDBridgeOC */,
			);
			path = Classes;
			sourceTree = "<group>";
		};
		EF5647CB282F93A900C78FF3 /* SDBridgeOC */ = {
			isa = PBXGroup;
			children = (
				EF5647CD282F93A900C78FF3 /* bridge.js */,
				EF5647D1282F93A900C78FF3 /* hookConsole.js */,
				EF5647D2282F93A900C78FF3 /* WebViewJavascriptBridge.h */,
				EF5647CF282F93A900C78FF3 /* WebViewJavascriptBridge.m */,
				EF5647D0282F93A900C78FF3 /* WebViewJavascriptBridgeBase.h */,
				EF5647CC282F93A900C78FF3 /* WebViewJavascriptBridgeBase.m */,
				EF5647D3282F93A900C78FF3 /* WebViewJavascriptLeakAvoider.h */,
				EF5647CE282F93A900C78FF3 /* WebViewJavascriptLeakAvoider.m */,
			);
			path = SDBridgeOC;
			sourceTree = "<group>";
		};
/* End PBXGroup section */

/* Begin PBXNativeTarget section */
		4B23EB9427E968D2003F6F60 /* JavascriptBridgeOC */ = {
			isa = PBXNativeTarget;
			buildConfigurationList = 4B23EBAE27E968D4003F6F60 /* Build configuration list for PBXNativeTarget "JavascriptBridgeOC" */;
			buildPhases = (
				4B23EB9127E968D2003F6F60 /* Sources */,
				4B23EB9227E968D2003F6F60 /* Frameworks */,
				4B23EB9327E968D2003F6F60 /* Resources */,
			);
			buildRules = (
			);
			dependencies = (
			);
			name = JavascriptBridgeOC;
			productName = JavascriptBridgeOC;
			productReference = 4B23EB9527E968D2003F6F60 /* JavascriptBridgeOC.app */;
			productType = "com.apple.product-type.application";
		};
/* End PBXNativeTarget section */

/* Begin PBXProject section */
		4B23EB8D27E968D2003F6F60 /* Project object */ = {
			isa = PBXProject;
			attributes = {
				BuildIndependentTargetsInParallel = 1;
				LastUpgradeCheck = 1320;
				TargetAttributes = {
					4B23EB9427E968D2003F6F60 = {
						CreatedOnToolsVersion = 13.2.1;
					};
				};
			};
			buildConfigurationList = 4B23EB9027E968D2003F6F60 /* Build configuration list for PBXProject "JavascriptBridgeOC" */;
			compatibilityVersion = "Xcode 13.0";
			developmentRegion = en;
			hasScannedForEncodings = 0;
			knownRegions = (
				en,
				Base,
			);
			mainGroup = 4B23EB8C27E968D2003F6F60;
			productRefGroup = 4B23EB9627E968D2003F6F60 /* Products */;
			projectDirPath = "";
			projectRoot = "";
			targets = (
				4B23EB9427E968D2003F6F60 /* JavascriptBridgeOC */,
			);
		};
/* End PBXProject section */

/* Begin PBXResourcesBuildPhase section */
		4B23EB9327E968D2003F6F60 /* Resources */ = {
			isa = PBXResourcesBuildPhase;
			buildActionMask = 2147483647;
			files = (
				4B23EBA827E968D4003F6F60 /* LaunchScreen.storyboard in Resources */,
				4B23EBA527E968D4003F6F60 /* Assets.xcassets in Resources */,
				EF5647D5282F93A900C78FF3 /* bridge.js in Resources */,
				EF5647D8282F93A900C78FF3 /* hookConsole.js in Resources */,
				4B23EBA327E968D2003F6F60 /* Main.storyboard in Resources */,
				4B23EBC627E96C04003F6F60 /* Demo.html in Resources */,
			);
			runOnlyForDeploymentPostprocessing = 0;
		};
/* End PBXResourcesBuildPhase section */

/* Begin PBXSourcesBuildPhase section */
		4B23EB9127E968D2003F6F60 /* Sources */ = {
			isa = PBXSourcesBuildPhase;
			buildActionMask = 2147483647;
			files = (
				4B23EBA027E968D2003F6F60 /* ViewController.m in Sources */,
				EF5647D7282F93A900C78FF3 /* WebViewJavascriptBridge.m in Sources */,
				4B23EBB627E96A5C003F6F60 /* WebViewController.m in Sources */,
				EF5647D6282F93A900C78FF3 /* WebViewJavascriptLeakAvoider.m in Sources */,
				4B23EB9A27E968D2003F6F60 /* AppDelegate.m in Sources */,
				4B23EBAB27E968D4003F6F60 /* main.m in Sources */,
				EF5647D4282F93A900C78FF3 /* WebViewJavascriptBridgeBase.m in Sources */,
				4B23EB9D27E968D2003F6F60 /* SceneDelegate.m in Sources */,
			);
			runOnlyForDeploymentPostprocessing = 0;
		};
/* End PBXSourcesBuildPhase section */

/* Begin PBXVariantGroup section */
		4B23EBA127E968D2003F6F60 /* Main.storyboard */ = {
			isa = PBXVariantGroup;
			children = (
				4B23EBA227E968D2003F6F60 /* Base */,
			);
			name = Main.storyboard;
			sourceTree = "<group>";
		};
		4B23EBA627E968D4003F6F60 /* LaunchScreen.storyboard */ = {
			isa = PBXVariantGroup;
			children = (
				4B23EBA727E968D4003F6F60 /* Base */,
			);
			name = LaunchScreen.storyboard;
			sourceTree = "<group>";
		};
/* End PBXVariantGroup section */

/* Begin XCBuildConfiguration section */
		4B23EBAC27E968D4003F6F60 /* Debug */ = {
			isa = XCBuildConfiguration;
			buildSettings = {
				ALWAYS_SEARCH_USER_PATHS = NO;
				CLANG_ANALYZER_NONNULL = YES;
				CLANG_ANALYZER_NUMBER_OBJECT_CONVERSION = YES_AGGRESSIVE;
				CLANG_CXX_LANGUAGE_STANDARD = "gnu++17";
				CLANG_CXX_LIBRARY = "libc++";
				CLANG_ENABLE_MODULES = YES;
				CLANG_ENABLE_OBJC_ARC = YES;
				CLANG_ENABLE_OBJC_WEAK = YES;
				CLANG_WARN_BLOCK_CAPTURE_AUTORELEASING = YES;
				CLANG_WARN_BOOL_CONVERSION = YES;
				CLANG_WARN_COMMA = YES;
				CLANG_WARN_CONSTANT_CONVERSION = YES;
				CLANG_WARN_DEPRECATED_OBJC_IMPLEMENTATIONS = YES;
				CLANG_WARN_DIRECT_OBJC_ISA_USAGE = YES_ERROR;
				CLANG_WARN_DOCUMENTATION_COMMENTS = YES;
				CLANG_WARN_EMPTY_BODY = YES;
				CLANG_WARN_ENUM_CONVERSION = YES;
				CLANG_WARN_INFINITE_RECURSION = YES;
				CLANG_WARN_INT_CONVERSION = YES;
				CLANG_WARN_NON_LITERAL_NULL_CONVERSION = YES;
				CLANG_WARN_OBJC_IMPLICIT_RETAIN_SELF = YES;
				CLANG_WARN_OBJC_LITERAL_CONVERSION = YES;
				CLANG_WARN_OBJC_ROOT_CLASS = YES_ERROR;
				CLANG_WARN_QUOTED_INCLUDE_IN_FRAMEWORK_HEADER = YES;
				CLANG_WARN_RANGE_LOOP_ANALYSIS = YES;
				CLANG_WARN_STRICT_PROTOTYPES = YES;
				CLANG_WARN_SUSPICIOUS_MOVE = YES;
				CLANG_WARN_UNGUARDED_AVAILABILITY = YES_AGGRESSIVE;
				CLANG_WARN_UNREACHABLE_CODE = YES;
				CLANG_WARN__DUPLICATE_METHOD_MATCH = YES;
				COPY_PHASE_STRIP = NO;
				DEBUG_INFORMATION_FORMAT = dwarf;
				ENABLE_STRICT_OBJC_MSGSEND = YES;
				ENABLE_TESTABILITY = YES;
				GCC_C_LANGUAGE_STANDARD = gnu11;
				GCC_DYNAMIC_NO_PIC = NO;
				GCC_NO_COMMON_BLOCKS = YES;
				GCC_OPTIMIZATION_LEVEL = 0;
				GCC_PREPROCESSOR_DEFINITIONS = (
					"DEBUG=1",
					"$(inherited)",
				);
				GCC_WARN_64_TO_32_BIT_CONVERSION = YES;
				GCC_WARN_ABOUT_RETURN_TYPE = YES_ERROR;
				GCC_WARN_UNDECLARED_SELECTOR = YES;
				GCC_WARN_UNINITIALIZED_AUTOS = YES_AGGRESSIVE;
				GCC_WARN_UNUSED_FUNCTION = YES;
				GCC_WARN_UNUSED_VARIABLE = YES;
				IPHONEOS_DEPLOYMENT_TARGET = 15.2;
				MTL_ENABLE_DEBUG_INFO = INCLUDE_SOURCE;
				MTL_FAST_MATH = YES;
				ONLY_ACTIVE_ARCH = YES;
				SDKROOT = iphoneos;
			};
			name = Debug;
		};
		4B23EBAD27E968D4003F6F60 /* Release */ = {
			isa = XCBuildConfiguration;
			buildSettings = {
				ALWAYS_SEARCH_USER_PATHS = NO;
				CLANG_ANALYZER_NONNULL = YES;
				CLANG_ANALYZER_NUMBER_OBJECT_CONVERSION = YES_AGGRESSIVE;
				CLANG_CXX_LANGUAGE_STANDARD = "gnu++17";
				CLANG_CXX_LIBRARY = "libc++";
				CLANG_ENABLE_MODULES = YES;
				CLANG_ENABLE_OBJC_ARC = YES;
				CLANG_ENABLE_OBJC_WEAK = YES;
				CLANG_WARN_BLOCK_CAPTURE_AUTORELEASING = YES;
				CLANG_WARN_BOOL_CONVERSION = YES;
				CLANG_WARN_COMMA = YES;
				CLANG_WARN_CONSTANT_CONVERSION = YES;
				CLANG_WARN_DEPRECATED_OBJC_IMPLEMENTATIONS = YES;
				CLANG_WARN_DIRECT_OBJC_ISA_USAGE = YES_ERROR;
				CLANG_WARN_DOCUMENTATION_COMMENTS = YES;
				CLANG_WARN_EMPTY_BODY = YES;
				CLANG_WARN_ENUM_CONVERSION = YES;
				CLANG_WARN_INFINITE_RECURSION = YES;
				CLANG_WARN_INT_CONVERSION = YES;
				CLANG_WARN_NON_LITERAL_NULL_CONVERSION = YES;
				CLANG_WARN_OBJC_IMPLICIT_RETAIN_SELF = YES;
				CLANG_WARN_OBJC_LITERAL_CONVERSION = YES;
				CLANG_WARN_OBJC_ROOT_CLASS = YES_ERROR;
				CLANG_WARN_QUOTED_INCLUDE_IN_FRAMEWORK_HEADER = YES;
				CLANG_WARN_RANGE_LOOP_ANALYSIS = YES;
				CLANG_WARN_STRICT_PROTOTYPES = YES;
				CLANG_WARN_SUSPICIOUS_MOVE = YES;
				CLANG_WARN_UNGUARDED_AVAILABILITY = YES_AGGRESSIVE;
				CLANG_WARN_UNREACHABLE_CODE = YES;
				CLANG_WARN__DUPLICATE_METHOD_MATCH = YES;
				COPY_PHASE_STRIP = NO;
				DEBUG_INFORMATION_FORMAT = "dwarf-with-dsym";
				ENABLE_NS_ASSERTIONS = NO;
				ENABLE_STRICT_OBJC_MSGSEND = YES;
				GCC_C_LANGUAGE_STANDARD = gnu11;
				GCC_NO_COMMON_BLOCKS = YES;
				GCC_WARN_64_TO_32_BIT_CONVERSION = YES;
				GCC_WARN_ABOUT_RETURN_TYPE = YES_ERROR;
				GCC_WARN_UNDECLARED_SELECTOR = YES;
				GCC_WARN_UNINITIALIZED_AUTOS = YES_AGGRESSIVE;
				GCC_WARN_UNUSED_FUNCTION = YES;
				GCC_WARN_UNUSED_VARIABLE = YES;
				IPHONEOS_DEPLOYMENT_TARGET = 15.2;
				MTL_ENABLE_DEBUG_INFO = NO;
				MTL_FAST_MATH = YES;
				SDKROOT = iphoneos;
				VALIDATE_PRODUCT = YES;
			};
			name = Release;
		};
		4B23EBAF27E968D4003F6F60 /* Debug */ = {
			isa = XCBuildConfiguration;
			buildSettings = {
				ASSETCATALOG_COMPILER_APPICON_NAME = AppIcon;
				ASSETCATALOG_COMPILER_GLOBAL_ACCENT_COLOR_NAME = AccentColor;
				CODE_SIGN_STYLE = Automatic;
				CURRENT_PROJECT_VERSION = 1;
				GENERATE_INFOPLIST_FILE = YES;
				INFOPLIST_FILE = JavascriptBridgeOC/Info.plist;
				INFOPLIST_KEY_UIApplicationSupportsIndirectInputEvents = YES;
				INFOPLIST_KEY_UILaunchStoryboardName = LaunchScreen;
				INFOPLIST_KEY_UIMainStoryboardFile = Main;
				INFOPLIST_KEY_UISupportedInterfaceOrientations_iPad = "UIInterfaceOrientationPortrait UIInterfaceOrientationPortraitUpsideDown UIInterfaceOrientationLandscapeLeft UIInterfaceOrientationLandscapeRight";
				INFOPLIST_KEY_UISupportedInterfaceOrientations_iPhone = "UIInterfaceOrientationPortrait UIInterfaceOrientationLandscapeLeft UIInterfaceOrientationLandscapeRight";
				LD_RUNPATH_SEARCH_PATHS = (
					"$(inherited)",
					"@executable_path/Frameworks",
				);
				MARKETING_VERSION = 1.0;
				PRODUCT_BUNDLE_IDENTIFIER = com.sk.JavascriptBridgeOC;
				PRODUCT_NAME = "$(TARGET_NAME)";
				SWIFT_EMIT_LOC_STRINGS = YES;
				TARGETED_DEVICE_FAMILY = "1,2";
			};
			name = Debug;
		};
		4B23EBB027E968D4003F6F60 /* Release */ = {
			isa = XCBuildConfiguration;
			buildSettings = {
				ASSETCATALOG_COMPILER_APPICON_NAME = AppIcon;
				ASSETCATALOG_COMPILER_GLOBAL_ACCENT_COLOR_NAME = AccentColor;
				CODE_SIGN_STYLE = Automatic;
				CURRENT_PROJECT_VERSION = 1;
				GENERATE_INFOPLIST_FILE = YES;
				INFOPLIST_FILE = JavascriptBridgeOC/Info.plist;
				INFOPLIST_KEY_UIApplicationSupportsIndirectInputEvents = YES;
				INFOPLIST_KEY_UILaunchStoryboardName = LaunchScreen;
				INFOPLIST_KEY_UIMainStoryboardFile = Main;
				INFOPLIST_KEY_UISupportedInterfaceOrientations_iPad = "UIInterfaceOrientationPortrait UIInterfaceOrientationPortraitUpsideDown UIInterfaceOrientationLandscapeLeft UIInterfaceOrientationLandscapeRight";
				INFOPLIST_KEY_UISupportedInterfaceOrientations_iPhone = "UIInterfaceOrientationPortrait UIInterfaceOrientationLandscapeLeft UIInterfaceOrientationLandscapeRight";
				LD_RUNPATH_SEARCH_PATHS = (
					"$(inherited)",
					"@executable_path/Frameworks",
				);
				MARKETING_VERSION = 1.0;
				PRODUCT_BUNDLE_IDENTIFIER = com.sk.JavascriptBridgeOC;
				PRODUCT_NAME = "$(TARGET_NAME)";
				SWIFT_EMIT_LOC_STRINGS = YES;
				TARGETED_DEVICE_FAMILY = "1,2";
			};
			name = Release;
		};
/* End XCBuildConfiguration section */

/* Begin XCConfigurationList section */
		4B23EB9027E968D2003F6F60 /* Build configuration list for PBXProject "JavascriptBridgeOC" */ = {
			isa = XCConfigurationList;
			buildConfigurations = (
				4B23EBAC27E968D4003F6F60 /* Debug */,
				4B23EBAD27E968D4003F6F60 /* Release */,
			);
			defaultConfigurationIsVisible = 0;
			defaultConfigurationName = Release;
		};
		4B23EBAE27E968D4003F6F60 /* Build configuration list for PBXNativeTarget "JavascriptBridgeOC" */ = {
			isa = XCConfigurationList;
			buildConfigurations = (
				4B23EBAF27E968D4003F6F60 /* Debug */,
				4B23EBB027E968D4003F6F60 /* Release */,
			);
			defaultConfigurationIsVisible = 0;
			defaultConfigurationName = Release;
		};
/* End XCConfigurationList section */
	};
	rootObject = 4B23EB8D27E968D2003F6F60 /* Project object */;
}
